
Microsoft Visual Studio Solution File, Format Version 12.00
# Visual Studio Version 16
VisualStudioVersion = 16.0.30320.27
MinimumVisualStudioVersion = 10.0.40219.1
Project("{FAE04EC0-301F-11D3-BF4B-00C04F79EFBC}") = "WpfApp15", "WpfApp15\WpfApp15.csproj", "{11A98F46-8180-41C6-8AFD-7DD6DBFA694F}"
EndProject
Project("{54435603-DBB4-11D2-8724-00A0C9A8B90C}") = "Setup1", "Setup1\Setup1.vdproj", "{357D62DD-CF3B-49EC-85C1-D8D989463460}"
EndProject
Global
	GlobalSection(SolutionConfigurationPlatforms) = preSolution
		Debug|Any CPU = Debug|Any CPU
		Release|Any CPU = Release|Any CPU
	EndGlobalSection
	GlobalSection(ProjectConfigurationPlatforms) = postSolution
		{11A98F46-8180-41C6-8AFD-7DD6DBFA694F}.Debug|Any CPU.ActiveCfg = Debug|Any CPU
		{11A98F46-8180-41C6-8AFD-7DD6DBFA694F}.Debug|Any CPU.Build.0 = Debug|Any CPU
		{11A98F46-8180-41C6-8AFD-7DD6DBFA694F}.Release|Any CPU.ActiveCfg = Release|Any CPU
		{11A98F46-8180-41C6-8AFD-7DD6DBFA694F}.Release|Any CPU.Build.0 = Release|Any CPU
		{357D62DD-CF3B-49EC-85C1-D8D989463460}.Debug|Any CPU.ActiveCfg = Debug
		{357D62DD-CF3B-49EC-85C1-D8D989463460}.Debug|Any CPU.Build.0 = Debug
		{357D62DD-CF3B-49EC-85C1-D8D989463460}.Release|Any CPU.ActiveCfg = Release
	EndGlobalSection
	GlobalSection(SolutionProperties) = preSolution
		HideSolutionNode = FALSE
	EndGlobalSection
	GlobalSection(ExtensibilityGlobals) = postSolution
		SolutionGuid = {46E2953E-A294-4953-A980-A3E8C4725720}
	EndGlobalSection
EndGlobal
